
Microsoft Visual Studio Solution File, Format Version 12.00
# Visual Studio Version 17
VisualStudioVersion = 17.5.002.0
MinimumVisualStudioVersion = 10.0.40219.1
Project("{9A19103F-16F7-4668-BE54-9A1E7A4F7556}") = "razorApp", "razorApp.csproj", "{BC1A0B43-1CEC-4CB0-90D8-3F18DDD29E25}"
EndProject
Global
	GlobalSection(SolutionConfigurationPlatforms) = preSolution
		Debug|Any CPU = Debug|Any CPU
		Release|Any CPU = Release|Any CPU
	EndGlobalSection
	GlobalSection(ProjectConfigurationPlatforms) = postSolution
		{BC1A0B43-1CEC-4CB0-90D8-3F18DDD29E25}.Debug|Any CPU.ActiveCfg = Debug|Any CPU
		{BC1A0B43-1CEC-4CB0-90D8-3F18DDD29E25}.Debug|Any CPU.Build.0 = Debug|Any CPU
		{BC1A0B43-1CEC-4CB0-90D8-3F18DDD29E25}.Release|Any CPU.ActiveCfg = Release|Any CPU
		{BC1A0B43-1CEC-4CB0-90D8-3F18DDD29E25}.Release|Any CPU.Build.0 = Release|Any CPU
	EndGlobalSection
	GlobalSection(SolutionProperties) = preSolution
		HideSolutionNode = FALSE
	EndGlobalSection
	GlobalSection(ExtensibilityGlobals) = postSolution
		SolutionGuid = {41FB31E4-35BF-49BF-A2A4-D02F8FE40330}
	EndGlobalSection
EndGlobal
